
Microsoft Visual Studio Solution File, Format Version 12.00
# Visual Studio Version 16
VisualStudioVersion = 16.0.31702.278
MinimumVisualStudioVersion = 10.0.40219.1
Project("{FAE04EC0-301F-11D3-BF4B-00C04F79EFBC}") = "AddingDataIntoCSV", "AddingDataIntoCSV\AddingDataIntoCSV.csproj", "{2D1E0EC7-2CB0-4B72-B2B9-F8374A200228}"
EndProject
Global
	GlobalSection(SolutionConfigurationPlatforms) = preSolution
		Debug|Any CPU = Debug|Any CPU
		Release|Any CPU = Release|Any CPU
	EndGlobalSection
	GlobalSection(ProjectConfigurationPlatforms) = postSolution
		{2D1E0EC7-2CB0-4B72-B2B9-F8374A200228}.Debug|Any CPU.ActiveCfg = Debug|Any CPU
		{2D1E0EC7-2CB0-4B72-B2B9-F8374A200228}.Debug|Any CPU.Build.0 = Debug|Any CPU
		{2D1E0EC7-2CB0-4B72-B2B9-F8374A200228}.Release|Any CPU.ActiveCfg = Release|Any CPU
		{2D1E0EC7-2CB0-4B72-B2B9-F8374A200228}.Release|Any CPU.Build.0 = Release|Any CPU
	EndGlobalSection
	GlobalSection(SolutionProperties) = preSolution
		HideSolutionNode = FALSE
	EndGlobalSection
	GlobalSection(ExtensibilityGlobals) = postSolution
		SolutionGuid = {B5E801E2-68DF-4554-A930-A020A3D3BA49}
	EndGlobalSection
EndGlobal
